
Microsoft Visual Studio Solution File, Format Version 12.00
# Visual Studio Version 16
VisualStudioVersion = 16.0.31911.196
MinimumVisualStudioVersion = 10.0.40219.1
Project("{8BC9CEB8-8B4A-11D0-8D11-00A0C91BC942}") = "726_2", "726_2.vcxproj", "{46839230-3050-4F94-B8F2-E0C0D555CD26}"
EndProject
Global
	GlobalSection(SolutionConfigurationPlatforms) = preSolution
		Debug|x64 = Debug|x64
		Debug|x86 = Debug|x86
		Release|x64 = Release|x64
		Release|x86 = Release|x86
	EndGlobalSection
	GlobalSection(ProjectConfigurationPlatforms) = postSolution
		{46839230-3050-4F94-B8F2-E0C0D555CD26}.Debug|x64.ActiveCfg = Debug|x64
		{46839230-3050-4F94-B8F2-E0C0D555CD26}.Debug|x64.Build.0 = Debug|x64
		{46839230-3050-4F94-B8F2-E0C0D555CD26}.Debug|x86.ActiveCfg = Debug|Win32
		{46839230-3050-4F94-B8F2-E0C0D555CD26}.Debug|x86.Build.0 = Debug|Win32
		{46839230-3050-4F94-B8F2-E0C0D555CD26}.Release|x64.ActiveCfg = Release|x64
		{46839230-3050-4F94-B8F2-E0C0D555CD26}.Release|x64.Build.0 = Release|x64
		{46839230-3050-4F94-B8F2-E0C0D555CD26}.Release|x86.ActiveCfg = Release|Win32
		{46839230-3050-4F94-B8F2-E0C0D555CD26}.Release|x86.Build.0 = Release|Win32
	EndGlobalSection
	GlobalSection(SolutionProperties) = preSolution
		HideSolutionNode = FALSE
	EndGlobalSection
	GlobalSection(ExtensibilityGlobals) = postSolution
		SolutionGuid = {42F9B7BF-1372-450A-BCE7-9A96F72D0382}
	EndGlobalSection
EndGlobal
